<?xml version="1.0" encoding="utf-8"?>
<Project ToolsVersion="4.0" xmlns="http://schemas.microsoft.com/developer/msbuild/2003">
  <ItemGroup>
    <Filter Include="Resource Files">
      <UniqueIdentifier>{D9D6E242-F8AF-46E4-B9FD-80ECBC20BA3E}</UniqueIdentifier>
      <Extensions>qrc;*</Extensions>
      <ParseFiles>false</ParseFiles>
    </Filter>
    <Filter Include="Generated Files">
      <UniqueIdentifier>{71ED8ED8-ACB9-4CE9-BBE1-E00B30144E11}</UniqueIdentifier>
      <Extensions>moc;h;cpp</Extensions>
      <SourceControlFiles>False</SourceControlFiles>
    </Filter>
    <Filter Include="Generated Files\Debug">
      <UniqueIdentifier>{0a6d1c50-c995-4396-9317-b13a945af3f4}</UniqueIdentifier>
      <Extensions>cpp;moc</Extensions>
      <SourceControlFiles>False</SourceControlFiles>
    </Filter>
    <Filter Include="Generated Files\Release">
      <UniqueIdentifier>{24062f30-e8bd-4899-b734-7801288e6e41}</UniqueIdentifier>
      <Extensions>cpp;moc</Extensions>
      <SourceControlFiles>False</SourceControlFiles>
    </Filter>
    <Filter Include="DB">
      <UniqueIdentifier>{3f1180a2-5e09-40f4-9341-22805b1aaba5}</UniqueIdentifier>
    </Filter>
    <Filter Include="Network">
      <UniqueIdentifier>{0907e34b-a852-4790-8da8-62bb9bccd027}</UniqueIdentifier>
    </Filter>
    <Filter Include="Source Files">
      <UniqueIdentifier>{4FC737F1-C7A5-4376-A066-2A32D752A2FF}</UniqueIdentifier>
      <Extensions>cpp;cxx;c;def</Extensions>
      <ParseFiles>true</ParseFiles>
    </Filter>
    <Filter Include="Header Files">
      <UniqueIdentifier>{93995380-89BD-4b04-88EB-625FBE52EBFB}</UniqueIdentifier>
      <Extensions>h</Extensions>
      <ParseFiles>true</ParseFiles>
    </Filter>
    <Filter Include="Logic">
      <UniqueIdentifier>{ac772569-ea7c-46c0-a9d4-1787aba8d43b}</UniqueIdentifier>
    </Filter>
    <Filter Include="Logic\Transaction">
      <UniqueIdentifier>{1268b312-dfd7-4420-8c43-baf9cbcd9acf}</UniqueIdentifier>
    </Filter>
    <Filter Include="Logic\CommunicationPackages">
      <UniqueIdentifier>{971d54eb-731a-41a3-9e42-645221c5f296}</UniqueIdentifier>
    </Filter>
  </ItemGroup>
  <ItemGroup>
    <ClCompile Include="main.cpp" />
    <ClCompile Include="stdafx.cpp" />
    <ClCompile Include="DB\MSSQLConnectionHelper.cpp">
      <Filter>DB</Filter>
    </ClCompile>
    <ClCompile Include="Network\ASIOServer.cpp">
      <Filter>Network</Filter>
    </ClCompile>
    <ClCompile Include="Network\SocketReadWriteHandler.cpp">
      <Filter>Network</Filter>
    </ClCompile>
    <ClCompile Include="synthetise.cpp" />
    <ClCompile Include="DB\DBModule.cpp">
      <Filter>DB</Filter>
    </ClCompile>
    <ClCompile Include="GeneratedFiles\Debug\moc_DBModule.cpp">
      <Filter>Generated Files\Debug</Filter>
    </ClCompile>
    <ClCompile Include="GeneratedFiles\Release\moc_DBModule.cpp">
      <Filter>Generated Files\Release</Filter>
    </ClCompile>
    <ClCompile Include="Logic\Transaction\DispatchTransactionCenter.cpp">
      <Filter>Logic\Transaction</Filter>
    </ClCompile>
    <ClCompile Include="GeneratedFiles\Debug\moc_DispatchTransactionCenter.cpp">
      <Filter>Generated Files\Debug</Filter>
    </ClCompile>
    <ClCompile Include="GeneratedFiles\Release\moc_DispatchTransactionCenter.cpp">
      <Filter>Generated Files\Release</Filter>
    </ClCompile>
    <ClCompile Include="Logic\Transaction\SyncQueue.cpp">
      <Filter>Logic\Transaction</Filter>
    </ClCompile>
    <ClCompile Include="Logic\Transaction\ThreadPool.cpp">
      <Filter>Logic\Transaction</Filter>
    </ClCompile>
    <ClCompile Include="Logic\Transaction\TransactionCenter.cpp">
      <Filter>Logic\Transaction</Filter>
    </ClCompile>
    <ClCompile Include="GeneratedFiles\Debug\moc_TransactionCenter.cpp">
      <Filter>Generated Files\Debug</Filter>
    </ClCompile>
    <ClCompile Include="GeneratedFiles\Release\moc_TransactionCenter.cpp">
      <Filter>Generated Files\Release</Filter>
    </ClCompile>
    <ClCompile Include="Logic\CommunicationPackages\CommunicationPackageBase.cpp">
      <Filter>Logic\CommunicationPackages</Filter>
    </ClCompile>
    <ClCompile Include="Logic\CommunicationPackages\ClientTestPacket.cpp">
      <Filter>Logic\CommunicationPackages</Filter>
    </ClCompile>
  </ItemGroup>
  <ItemGroup>
    <ClInclude Include="stdafx.h" />
    <ClInclude Include="defs.h" />
    <ClInclude Include="DB\MSSQLConnectionHelper.h">
      <Filter>DB</Filter>
    </ClInclude>
    <ClInclude Include="synthetise.h" />
    <ClInclude Include="Logic\Transaction\SyncQueue.h">
      <Filter>Logic\Transaction</Filter>
    </ClInclude>
    <ClInclude Include="Logic\Transaction\ThreadPool.h">
      <Filter>Logic\Transaction</Filter>
    </ClInclude>
    <ClInclude Include="Logic\Transaction\TransactionStructure.h">
      <Filter>Logic\Transaction</Filter>
    </ClInclude>
    <ClInclude Include="Logic\CommunicationPackages\ClientTestPacket.h">
      <Filter>Logic\CommunicationPackages</Filter>
    </ClInclude>
    <ClInclude Include="Logic\CommunicationPackages\packets.h">
      <Filter>Logic\CommunicationPackages</Filter>
    </ClInclude>
  </ItemGroup>
  <ItemGroup>
    <CustomBuild Include="Network\ASIOServer.h">
      <Filter>Network</Filter>
    </CustomBuild>
    <CustomBuild Include="Network\SocketReadWriteHandler.h">
      <Filter>Network</Filter>
    </CustomBuild>
    <CustomBuild Include="DB\DBModule.h">
      <Filter>DB</Filter>
    </CustomBuild>
    <CustomBuild Include="Logic\Transaction\DispatchTransactionCenter.h">
      <Filter>Logic\Transaction</Filter>
    </CustomBuild>
    <CustomBuild Include="Logic\Transaction\TransactionCenter.h">
      <Filter>Logic\Transaction</Filter>
    </CustomBuild>
    <CustomBuild Include="Logic\CommunicationPackages\CommunicationPackageBase.h">
      <Filter>Logic\CommunicationPackages</Filter>
    </CustomBuild>
  </ItemGroup>
</Project>